
Microsoft Visual Studio Solution File, Format Version 12.00
# Visual Studio 14
VisualStudioVersion = 14.0.25420.1
MinimumVisualStudioVersion = 10.0.40219.1
Project("{FAE04EC0-301F-11D3-BF4B-00C04F79EFBC}") = "LinqInfer", "src\LinqInfer\LinqInfer.csproj", "{57818C8E-99BA-405E-A5C5-6DE2E54883EA}"
EndProject
Project("{FAE04EC0-301F-11D3-BF4B-00C04F79EFBC}") = "LinqInfer.Tests", "tests\LinkInfer.Tests\LinqInfer.Tests.csproj", "{1B98A5E7-1FEC-4FDC-AEEC-0D354B10E092}"
EndProject
Project("{2150E333-8FDC-42A3-9474-1A3956D46DE8}") = "Docs", "Docs", "{E5FE3E3C-B1F2-4DAA-8269-48781A1406F9}"
	ProjectSection(SolutionItems) = preProject
		backlog.md = backlog.md
		LICENSE = LICENSE
		README.md = README.md
	EndProjectSection
EndProject
Project("{FAE04EC0-301F-11D3-BF4B-00C04F79EFBC}") = "LinqInfer.Api", "src\LinqInfer.Api\LinqInfer.Api.csproj", "{D91E1181-6D01-475E-97C0-3C89CF3C8A17}"
EndProject
Project("{FAE04EC0-301F-11D3-BF4B-00C04F79EFBC}") = "LinqInfer.Storage.File", "src\LinqInfer.Storage.File\LinqInfer.Storage.File.csproj", "{8A2628BC-DF0D-4262-A686-B048E8A581A4}"
EndProject
Project("{FAE04EC0-301F-11D3-BF4B-00C04F79EFBC}") = "LinqInfer.Storage.SQLite", "src\LinqInfer.Storage.Sqlite\LinqInfer.Storage.SQLite.csproj", "{C0C921B0-3A10-4C74-B78D-05AB436C705E}"
EndProject
Project("{FAE04EC0-301F-11D3-BF4B-00C04F79EFBC}") = "LinqInfer.Storage.SQLite.Tests", "tests\LinqInfer.Storage.SQLite.Tests\LinqInfer.Storage.SQLite.Tests.csproj", "{3A540288-FF3C-424D-8E9C-9D4FB25B4328}"
EndProject
Project("{2150E333-8FDC-42A3-9474-1A3956D46DE8}") = "TestData", "TestData", "{52EBE8AF-6A77-404A-AA7A-8A4A63502162}"
	ProjectSection(SolutionItems) = preProject
		tests\TestData\dep-stats.csv = tests\TestData\dep-stats.csv
		tests\TestData\health-sample.csv = tests\TestData\health-sample.csv
	EndProjectSection
EndProject
Project("{FAE04EC0-301F-11D3-BF4B-00C04F79EFBC}") = "LinqInfer.Data.Orm", "src\LinqInfer.Data.Orm\LinqInfer.Data.Orm.csproj", "{E73C6638-485B-4B42-91DD-9C0DC257B7A8}"
EndProject
Project("{FAE04EC0-301F-11D3-BF4B-00C04F79EFBC}") = "LinqInfer.TestHarness", "tests\LinqInfer.TestHarness\LinqInfer.TestHarness.csproj", "{C594477A-87A6-43C4-A45B-64CD6CE99C34}"
EndProject
Global
	GlobalSection(SolutionConfigurationPlatforms) = preSolution
		Debug|Any CPU = Debug|Any CPU
		Debug-Net45|Any CPU = Debug-Net45|Any CPU
		Release|Any CPU = Release|Any CPU
		Release-Net45|Any CPU = Release-Net45|Any CPU
	EndGlobalSection
	GlobalSection(ProjectConfigurationPlatforms) = postSolution
		{57818C8E-99BA-405E-A5C5-6DE2E54883EA}.Debug|Any CPU.ActiveCfg = Debug|Any CPU
		{57818C8E-99BA-405E-A5C5-6DE2E54883EA}.Debug|Any CPU.Build.0 = Debug|Any CPU
		{57818C8E-99BA-405E-A5C5-6DE2E54883EA}.Debug-Net45|Any CPU.ActiveCfg = Debug|Any CPU
		{57818C8E-99BA-405E-A5C5-6DE2E54883EA}.Debug-Net45|Any CPU.Build.0 = Debug|Any CPU
		{57818C8E-99BA-405E-A5C5-6DE2E54883EA}.Release|Any CPU.ActiveCfg = Release|Any CPU
		{57818C8E-99BA-405E-A5C5-6DE2E54883EA}.Release|Any CPU.Build.0 = Release|Any CPU
		{57818C8E-99BA-405E-A5C5-6DE2E54883EA}.Release-Net45|Any CPU.ActiveCfg = Release|Any CPU
		{57818C8E-99BA-405E-A5C5-6DE2E54883EA}.Release-Net45|Any CPU.Build.0 = Release|Any CPU
		{1B98A5E7-1FEC-4FDC-AEEC-0D354B10E092}.Debug|Any CPU.ActiveCfg = Debug|Any CPU
		{1B98A5E7-1FEC-4FDC-AEEC-0D354B10E092}.Debug|Any CPU.Build.0 = Debug|Any CPU
		{1B98A5E7-1FEC-4FDC-AEEC-0D354B10E092}.Debug-Net45|Any CPU.ActiveCfg = Debug|Any CPU
		{1B98A5E7-1FEC-4FDC-AEEC-0D354B10E092}.Debug-Net45|Any CPU.Build.0 = Debug|Any CPU
		{1B98A5E7-1FEC-4FDC-AEEC-0D354B10E092}.Release|Any CPU.ActiveCfg = Release|Any CPU
		{1B98A5E7-1FEC-4FDC-AEEC-0D354B10E092}.Release|Any CPU.Build.0 = Release|Any CPU
		{1B98A5E7-1FEC-4FDC-AEEC-0D354B10E092}.Release-Net45|Any CPU.ActiveCfg = Release|Any CPU
		{1B98A5E7-1FEC-4FDC-AEEC-0D354B10E092}.Release-Net45|Any CPU.Build.0 = Release|Any CPU
		{D91E1181-6D01-475E-97C0-3C89CF3C8A17}.Debug|Any CPU.ActiveCfg = Debug|Any CPU
		{D91E1181-6D01-475E-97C0-3C89CF3C8A17}.Debug|Any CPU.Build.0 = Debug|Any CPU
		{D91E1181-6D01-475E-97C0-3C89CF3C8A17}.Debug-Net45|Any CPU.ActiveCfg = Debug|Any CPU
		{D91E1181-6D01-475E-97C0-3C89CF3C8A17}.Debug-Net45|Any CPU.Build.0 = Debug|Any CPU
		{D91E1181-6D01-475E-97C0-3C89CF3C8A17}.Release|Any CPU.ActiveCfg = Release|Any CPU
		{D91E1181-6D01-475E-97C0-3C89CF3C8A17}.Release|Any CPU.Build.0 = Release|Any CPU
		{D91E1181-6D01-475E-97C0-3C89CF3C8A17}.Release-Net45|Any CPU.ActiveCfg = Release|Any CPU
		{D91E1181-6D01-475E-97C0-3C89CF3C8A17}.Release-Net45|Any CPU.Build.0 = Release|Any CPU
		{8A2628BC-DF0D-4262-A686-B048E8A581A4}.Debug|Any CPU.ActiveCfg = Debug|Any CPU
		{8A2628BC-DF0D-4262-A686-B048E8A581A4}.Debug|Any CPU.Build.0 = Debug|Any CPU
		{8A2628BC-DF0D-4262-A686-B048E8A581A4}.Debug-Net45|Any CPU.ActiveCfg = Debug|Any CPU
		{8A2628BC-DF0D-4262-A686-B048E8A581A4}.Debug-Net45|Any CPU.Build.0 = Debug|Any CPU
		{8A2628BC-DF0D-4262-A686-B048E8A581A4}.Release|Any CPU.ActiveCfg = Release|Any CPU
		{8A2628BC-DF0D-4262-A686-B048E8A581A4}.Release|Any CPU.Build.0 = Release|Any CPU
		{8A2628BC-DF0D-4262-A686-B048E8A581A4}.Release-Net45|Any CPU.ActiveCfg = Release|Any CPU
		{8A2628BC-DF0D-4262-A686-B048E8A581A4}.Release-Net45|Any CPU.Build.0 = Release|Any CPU
		{C0C921B0-3A10-4C74-B78D-05AB436C705E}.Debug|Any CPU.ActiveCfg = Debug|Any CPU
		{C0C921B0-3A10-4C74-B78D-05AB436C705E}.Debug|Any CPU.Build.0 = Debug|Any CPU
		{C0C921B0-3A10-4C74-B78D-05AB436C705E}.Debug-Net45|Any CPU.ActiveCfg = Debug|Any CPU
		{C0C921B0-3A10-4C74-B78D-05AB436C705E}.Debug-Net45|Any CPU.Build.0 = Debug|Any CPU
		{C0C921B0-3A10-4C74-B78D-05AB436C705E}.Release|Any CPU.ActiveCfg = Release|Any CPU
		{C0C921B0-3A10-4C74-B78D-05AB436C705E}.Release|Any CPU.Build.0 = Release|Any CPU
		{C0C921B0-3A10-4C74-B78D-05AB436C705E}.Release-Net45|Any CPU.ActiveCfg = Release|Any CPU
		{C0C921B0-3A10-4C74-B78D-05AB436C705E}.Release-Net45|Any CPU.Build.0 = Release|Any CPU
		{3A540288-FF3C-424D-8E9C-9D4FB25B4328}.Debug|Any CPU.ActiveCfg = Debug|Any CPU
		{3A540288-FF3C-424D-8E9C-9D4FB25B4328}.Debug|Any CPU.Build.0 = Debug|Any CPU
		{3A540288-FF3C-424D-8E9C-9D4FB25B4328}.Debug-Net45|Any CPU.ActiveCfg = Debug|Any CPU
		{3A540288-FF3C-424D-8E9C-9D4FB25B4328}.Debug-Net45|Any CPU.Build.0 = Debug|Any CPU
		{3A540288-FF3C-424D-8E9C-9D4FB25B4328}.Release|Any CPU.ActiveCfg = Release|Any CPU
		{3A540288-FF3C-424D-8E9C-9D4FB25B4328}.Release|Any CPU.Build.0 = Release|Any CPU
		{3A540288-FF3C-424D-8E9C-9D4FB25B4328}.Release-Net45|Any CPU.ActiveCfg = Release|Any CPU
		{3A540288-FF3C-424D-8E9C-9D4FB25B4328}.Release-Net45|Any CPU.Build.0 = Release|Any CPU
		{E73C6638-485B-4B42-91DD-9C0DC257B7A8}.Debug|Any CPU.ActiveCfg = Debug|Any CPU
		{E73C6638-485B-4B42-91DD-9C0DC257B7A8}.Debug|Any CPU.Build.0 = Debug|Any CPU
		{E73C6638-485B-4B42-91DD-9C0DC257B7A8}.Debug-Net45|Any CPU.ActiveCfg = Debug|Any CPU
		{E73C6638-485B-4B42-91DD-9C0DC257B7A8}.Debug-Net45|Any CPU.Build.0 = Debug|Any CPU
		{E73C6638-485B-4B42-91DD-9C0DC257B7A8}.Release|Any CPU.ActiveCfg = Release|Any CPU
		{E73C6638-485B-4B42-91DD-9C0DC257B7A8}.Release|Any CPU.Build.0 = Release|Any CPU
		{E73C6638-485B-4B42-91DD-9C0DC257B7A8}.Release-Net45|Any CPU.ActiveCfg = Release|Any CPU
		{E73C6638-485B-4B42-91DD-9C0DC257B7A8}.Release-Net45|Any CPU.Build.0 = Release|Any CPU
		{C594477A-87A6-43C4-A45B-64CD6CE99C34}.Debug|Any CPU.ActiveCfg = Debug|Any CPU
		{C594477A-87A6-43C4-A45B-64CD6CE99C34}.Debug|Any CPU.Build.0 = Debug|Any CPU
		{C594477A-87A6-43C4-A45B-64CD6CE99C34}.Debug-Net45|Any CPU.ActiveCfg = Debug|Any CPU
		{C594477A-87A6-43C4-A45B-64CD6CE99C34}.Debug-Net45|Any CPU.Build.0 = Debug|Any CPU
		{C594477A-87A6-43C4-A45B-64CD6CE99C34}.Release|Any CPU.ActiveCfg = Release|Any CPU
		{C594477A-87A6-43C4-A45B-64CD6CE99C34}.Release|Any CPU.Build.0 = Release|Any CPU
		{C594477A-87A6-43C4-A45B-64CD6CE99C34}.Release-Net45|Any CPU.ActiveCfg = Release|Any CPU
		{C594477A-87A6-43C4-A45B-64CD6CE99C34}.Release-Net45|Any CPU.Build.0 = Release|Any CPU
	EndGlobalSection
	GlobalSection(SolutionProperties) = preSolution
		HideSolutionNode = FALSE
	EndGlobalSection
EndGlobal
