
Microsoft Visual Studio Solution File, Format Version 12.00
# Visual Studio 15
VisualStudioVersion = 15.0.27004.2010
MinimumVisualStudioVersion = 10.0.40219.1
Project("{9A19103F-16F7-4668-BE54-9A1E7A4F7556}") = "LinqInfer", "src\LinqInfer\LinqInfer.csproj", "{7251FD37-1AA0-48F0-AEBE-27E7DD226E34}"
EndProject
Project("{2150E333-8FDC-42A3-9474-1A3956D46DE8}") = "build", "build", "{748B717E-47AC-49B9-A991-E89ED5C863D5}"
	ProjectSection(SolutionItems) = preProject
		.travis.yml = .travis.yml
		build.cake = build.cake
		build.cmd = build.cmd
		build.sh = build.sh
		Dockerfile.test = Dockerfile.test
		Dockerfile.web = Dockerfile.web
		global.json = global.json
		package.cmd = package.cmd
		publish.cmd = publish.cmd
		run-web-docker.sh = run-web-docker.sh
		test-docker.sh = test-docker.sh
		test-dotnet.sh = test-dotnet.sh
		xbuild.sh = xbuild.sh
	EndProjectSection
EndProject
Project("{2150E333-8FDC-42A3-9474-1A3956D46DE8}") = "docs", "docs", "{55C85CF2-3ECB-4E90-B5CB-60E7AC8D06B0}"
	ProjectSection(SolutionItems) = preProject
		docs\async-pipelines.md = docs\async-pipelines.md
		LICENSE = LICENSE
		docs\neural-networks.md = docs\neural-networks.md
		README.md = README.md
		docs\text.md = docs\text.md
	EndProjectSection
EndProject
Project("{2150E333-8FDC-42A3-9474-1A3956D46DE8}") = "scripts", "scripts", "{0F16B826-860A-4124-88C7-DA3FDEAAF9D8}"
	ProjectSection(SolutionItems) = preProject
		build\build-docker.sh = build\build-docker.sh
		build\build-dotnet.sh = build\build-dotnet.sh
		build\test-dotnet.sh = build\test-dotnet.sh
	EndProjectSection
EndProject
Project("{9A19103F-16F7-4668-BE54-9A1E7A4F7556}") = "LinqInfer.TextCrawler", "src\LinqInfer.TextCrawler\LinqInfer.TextCrawler.csproj", "{F7C1E6B2-906F-4B68-83CA-847AA341D10F}"
EndProject
Project("{9A19103F-16F7-4668-BE54-9A1E7A4F7556}") = "LinqInfer.UnitTests", "tests\LinqInfer.UnitTests\LinqInfer.UnitTests.csproj", "{1E8D446F-D1E1-4E54-9DC4-7432B883E0DA}"
EndProject
Project("{9A19103F-16F7-4668-BE54-9A1E7A4F7556}") = "LinqInfer.IntegrationTests", "tests\LinqInfer.IntegrationTests\LinqInfer.IntegrationTests.csproj", "{300FD62F-8A3C-401B-84AE-592F978C6DB9}"
EndProject
Project("{2150E333-8FDC-42A3-9474-1A3956D46DE8}") = "src", "src", "{CB31A68F-767E-4D9C-9C28-DD97DE757791}"
EndProject
Project("{2150E333-8FDC-42A3-9474-1A3956D46DE8}") = "tests", "tests", "{1FDA159C-6FAB-46FA-BC24-21736A48A986}"
EndProject
Project("{9A19103F-16F7-4668-BE54-9A1E7A4F7556}") = "LinqInfer.Benchmarking", "tests\LinqInfer.Benchmarking\LinqInfer.Benchmarking.csproj", "{99FFBAAA-6682-4665-BC93-F0CDEDCF5799}"
EndProject
Project("{9A19103F-16F7-4668-BE54-9A1E7A4F7556}") = "LinqInfer.ImageLearningTests", "tests\LinqInfer.ImageLearningTests\LinqInfer.ImageLearningTests.csproj", "{4B3EAA88-B969-49BF-8434-B8D6CD40CD3C}"
EndProject
Global
	GlobalSection(SolutionConfigurationPlatforms) = preSolution
		Debug|Any CPU = Debug|Any CPU
		Release|Any CPU = Release|Any CPU
	EndGlobalSection
	GlobalSection(ProjectConfigurationPlatforms) = postSolution
		{7251FD37-1AA0-48F0-AEBE-27E7DD226E34}.Debug|Any CPU.ActiveCfg = Debug|Any CPU
		{7251FD37-1AA0-48F0-AEBE-27E7DD226E34}.Debug|Any CPU.Build.0 = Debug|Any CPU
		{7251FD37-1AA0-48F0-AEBE-27E7DD226E34}.Release|Any CPU.ActiveCfg = Release|Any CPU
		{7251FD37-1AA0-48F0-AEBE-27E7DD226E34}.Release|Any CPU.Build.0 = Release|Any CPU
		{F7C1E6B2-906F-4B68-83CA-847AA341D10F}.Debug|Any CPU.ActiveCfg = Debug|Any CPU
		{F7C1E6B2-906F-4B68-83CA-847AA341D10F}.Debug|Any CPU.Build.0 = Debug|Any CPU
		{F7C1E6B2-906F-4B68-83CA-847AA341D10F}.Release|Any CPU.ActiveCfg = Release|Any CPU
		{F7C1E6B2-906F-4B68-83CA-847AA341D10F}.Release|Any CPU.Build.0 = Release|Any CPU
		{1E8D446F-D1E1-4E54-9DC4-7432B883E0DA}.Debug|Any CPU.ActiveCfg = Debug|Any CPU
		{1E8D446F-D1E1-4E54-9DC4-7432B883E0DA}.Debug|Any CPU.Build.0 = Debug|Any CPU
		{1E8D446F-D1E1-4E54-9DC4-7432B883E0DA}.Release|Any CPU.ActiveCfg = Release|Any CPU
		{1E8D446F-D1E1-4E54-9DC4-7432B883E0DA}.Release|Any CPU.Build.0 = Release|Any CPU
		{300FD62F-8A3C-401B-84AE-592F978C6DB9}.Debug|Any CPU.ActiveCfg = Debug|Any CPU
		{300FD62F-8A3C-401B-84AE-592F978C6DB9}.Debug|Any CPU.Build.0 = Debug|Any CPU
		{300FD62F-8A3C-401B-84AE-592F978C6DB9}.Release|Any CPU.ActiveCfg = Release|Any CPU
		{300FD62F-8A3C-401B-84AE-592F978C6DB9}.Release|Any CPU.Build.0 = Release|Any CPU
		{99FFBAAA-6682-4665-BC93-F0CDEDCF5799}.Debug|Any CPU.ActiveCfg = Debug|Any CPU
		{99FFBAAA-6682-4665-BC93-F0CDEDCF5799}.Debug|Any CPU.Build.0 = Debug|Any CPU
		{99FFBAAA-6682-4665-BC93-F0CDEDCF5799}.Release|Any CPU.ActiveCfg = Release|Any CPU
		{99FFBAAA-6682-4665-BC93-F0CDEDCF5799}.Release|Any CPU.Build.0 = Release|Any CPU
		{4B3EAA88-B969-49BF-8434-B8D6CD40CD3C}.Debug|Any CPU.ActiveCfg = Debug|Any CPU
		{4B3EAA88-B969-49BF-8434-B8D6CD40CD3C}.Debug|Any CPU.Build.0 = Debug|Any CPU
		{4B3EAA88-B969-49BF-8434-B8D6CD40CD3C}.Release|Any CPU.ActiveCfg = Release|Any CPU
		{4B3EAA88-B969-49BF-8434-B8D6CD40CD3C}.Release|Any CPU.Build.0 = Release|Any CPU
	EndGlobalSection
	GlobalSection(SolutionProperties) = preSolution
		HideSolutionNode = FALSE
	EndGlobalSection
	GlobalSection(NestedProjects) = preSolution
		{7251FD37-1AA0-48F0-AEBE-27E7DD226E34} = {CB31A68F-767E-4D9C-9C28-DD97DE757791}
		{0F16B826-860A-4124-88C7-DA3FDEAAF9D8} = {748B717E-47AC-49B9-A991-E89ED5C863D5}
		{F7C1E6B2-906F-4B68-83CA-847AA341D10F} = {1FDA159C-6FAB-46FA-BC24-21736A48A986}
		{1E8D446F-D1E1-4E54-9DC4-7432B883E0DA} = {1FDA159C-6FAB-46FA-BC24-21736A48A986}
		{300FD62F-8A3C-401B-84AE-592F978C6DB9} = {1FDA159C-6FAB-46FA-BC24-21736A48A986}
		{99FFBAAA-6682-4665-BC93-F0CDEDCF5799} = {1FDA159C-6FAB-46FA-BC24-21736A48A986}
		{4B3EAA88-B969-49BF-8434-B8D6CD40CD3C} = {1FDA159C-6FAB-46FA-BC24-21736A48A986}
	EndGlobalSection
	GlobalSection(ExtensibilityGlobals) = postSolution
		SolutionGuid = {37958736-31B5-4708-B641-737A0D069293}
	EndGlobalSection
EndGlobal
