
Microsoft Visual Studio Solution File, Format Version 12.00
# Visual Studio 15
VisualStudioVersion = 15.0.27004.2002
MinimumVisualStudioVersion = 10.0.40219.1
Project("{9A19103F-16F7-4668-BE54-9A1E7A4F7556}") = "LinqInfer.AspNetCoreTestHarness", "tests\LinqInfer.AspNetCoreTestHarness\LinqInfer.AspNetCoreTestHarness.csproj", "{A0D0106C-5149-4B72-8A28-FC3C13B4F0E9}"
EndProject
Project("{9A19103F-16F7-4668-BE54-9A1E7A4F7556}") = "LinqInfer.Microservices", "src\LinqInfer.Microservices\LinqInfer.Microservices.csproj", "{60C8FB0E-7E7C-4E84-B8AA-5EC039B0D4C8}"
EndProject
Project("{9A19103F-16F7-4668-BE54-9A1E7A4F7556}") = "LinqInfer.Microservices.Tests", "tests\LinqInfer.Microservices.Tests\LinqInfer.Microservices.Tests.csproj", "{485C80BB-E007-4EFE-BB38-D9B2B3CD667A}"
EndProject
Project("{9A19103F-16F7-4668-BE54-9A1E7A4F7556}") = "LinqInfer.XUnit.Tests", "tests\LinqInfer.XUnit.Tests\LinqInfer.XUnit.Tests.csproj", "{CDD8E50F-7A7C-41A2-BE6D-9A745325C8D7}"
EndProject
Project("{9A19103F-16F7-4668-BE54-9A1E7A4F7556}") = "LinqInfer", "src\LinqInfer\LinqInfer.csproj", "{7251FD37-1AA0-48F0-AEBE-27E7DD226E34}"
EndProject
Project("{9A19103F-16F7-4668-BE54-9A1E7A4F7556}") = "LinqInfer.Tests", "tests\LinqInfer.Tests\LinqInfer.Tests.csproj", "{68C15886-4430-49DA-A07F-783220D644B1}"
EndProject
Project("{2150E333-8FDC-42A3-9474-1A3956D46DE8}") = "build", "build", "{748B717E-47AC-49B9-A991-E89ED5C863D5}"
	ProjectSection(SolutionItems) = preProject
		.travis.yml = .travis.yml
		build.cake = build.cake
		build.cmd = build.cmd
		build.sh = build.sh
		Dockerfile.test = Dockerfile.test
		Dockerfile.web = Dockerfile.web
		global.json = global.json
		package.cmd = package.cmd
		publish.cmd = publish.cmd
		run-web-docker.sh = run-web-docker.sh
		test-docker.sh = test-docker.sh
		test-dotnet.sh = test-dotnet.sh
		xbuild.sh = xbuild.sh
	EndProjectSection
EndProject
Project("{2150E333-8FDC-42A3-9474-1A3956D46DE8}") = "docs", "docs", "{55C85CF2-3ECB-4E90-B5CB-60E7AC8D06B0}"
	ProjectSection(SolutionItems) = preProject
		LICENSE = LICENSE
		docs\neural-networks.md = docs\neural-networks.md
		README.md = README.md
		docs\text.md = docs\text.md
	EndProjectSection
EndProject
Project("{2150E333-8FDC-42A3-9474-1A3956D46DE8}") = "scripts", "scripts", "{0F16B826-860A-4124-88C7-DA3FDEAAF9D8}"
	ProjectSection(SolutionItems) = preProject
		build\build-docker.sh = build\build-docker.sh
		build\build-dotnet.sh = build\build-dotnet.sh
		build\test-dotnet.sh = build\test-dotnet.sh
	EndProjectSection
EndProject
Global
	GlobalSection(SolutionConfigurationPlatforms) = preSolution
		Debug|Any CPU = Debug|Any CPU
		Release|Any CPU = Release|Any CPU
	EndGlobalSection
	GlobalSection(ProjectConfigurationPlatforms) = postSolution
		{A0D0106C-5149-4B72-8A28-FC3C13B4F0E9}.Debug|Any CPU.ActiveCfg = Debug|Any CPU
		{A0D0106C-5149-4B72-8A28-FC3C13B4F0E9}.Debug|Any CPU.Build.0 = Debug|Any CPU
		{A0D0106C-5149-4B72-8A28-FC3C13B4F0E9}.Release|Any CPU.ActiveCfg = Release|Any CPU
		{A0D0106C-5149-4B72-8A28-FC3C13B4F0E9}.Release|Any CPU.Build.0 = Release|Any CPU
		{60C8FB0E-7E7C-4E84-B8AA-5EC039B0D4C8}.Debug|Any CPU.ActiveCfg = Debug|Any CPU
		{60C8FB0E-7E7C-4E84-B8AA-5EC039B0D4C8}.Debug|Any CPU.Build.0 = Debug|Any CPU
		{60C8FB0E-7E7C-4E84-B8AA-5EC039B0D4C8}.Release|Any CPU.ActiveCfg = Release|Any CPU
		{60C8FB0E-7E7C-4E84-B8AA-5EC039B0D4C8}.Release|Any CPU.Build.0 = Release|Any CPU
		{485C80BB-E007-4EFE-BB38-D9B2B3CD667A}.Debug|Any CPU.ActiveCfg = Debug|Any CPU
		{485C80BB-E007-4EFE-BB38-D9B2B3CD667A}.Debug|Any CPU.Build.0 = Debug|Any CPU
		{485C80BB-E007-4EFE-BB38-D9B2B3CD667A}.Release|Any CPU.ActiveCfg = Release|Any CPU
		{485C80BB-E007-4EFE-BB38-D9B2B3CD667A}.Release|Any CPU.Build.0 = Release|Any CPU
		{CDD8E50F-7A7C-41A2-BE6D-9A745325C8D7}.Debug|Any CPU.ActiveCfg = Debug|Any CPU
		{CDD8E50F-7A7C-41A2-BE6D-9A745325C8D7}.Debug|Any CPU.Build.0 = Debug|Any CPU
		{CDD8E50F-7A7C-41A2-BE6D-9A745325C8D7}.Release|Any CPU.ActiveCfg = Release|Any CPU
		{CDD8E50F-7A7C-41A2-BE6D-9A745325C8D7}.Release|Any CPU.Build.0 = Release|Any CPU
		{7251FD37-1AA0-48F0-AEBE-27E7DD226E34}.Debug|Any CPU.ActiveCfg = Debug|Any CPU
		{7251FD37-1AA0-48F0-AEBE-27E7DD226E34}.Debug|Any CPU.Build.0 = Debug|Any CPU
		{7251FD37-1AA0-48F0-AEBE-27E7DD226E34}.Release|Any CPU.ActiveCfg = Release|Any CPU
		{7251FD37-1AA0-48F0-AEBE-27E7DD226E34}.Release|Any CPU.Build.0 = Release|Any CPU
		{68C15886-4430-49DA-A07F-783220D644B1}.Debug|Any CPU.ActiveCfg = Debug|Any CPU
		{68C15886-4430-49DA-A07F-783220D644B1}.Debug|Any CPU.Build.0 = Debug|Any CPU
		{68C15886-4430-49DA-A07F-783220D644B1}.Release|Any CPU.ActiveCfg = Release|Any CPU
		{68C15886-4430-49DA-A07F-783220D644B1}.Release|Any CPU.Build.0 = Release|Any CPU
	EndGlobalSection
	GlobalSection(SolutionProperties) = preSolution
		HideSolutionNode = FALSE
	EndGlobalSection
	GlobalSection(NestedProjects) = preSolution
		{0F16B826-860A-4124-88C7-DA3FDEAAF9D8} = {748B717E-47AC-49B9-A991-E89ED5C863D5}
	EndGlobalSection
	GlobalSection(ExtensibilityGlobals) = postSolution
		SolutionGuid = {37958736-31B5-4708-B641-737A0D069293}
	EndGlobalSection
EndGlobal
